
Microsoft Visual Studio Solution File, Format Version 12.00
# Visual Studio Version 17
VisualStudioVersion = 17.5.33424.131
MinimumVisualStudioVersion = 10.0.40219.1
Project("{FAE04EC0-301F-11D3-BF4B-00C04F79EFBC}") = "ConsoleOLdCourse", "ConsoleOLdCourse\ConsoleOLdCourse.csproj", "{98255411-B8A7-48AE-923C-3C1635EA26A6}"
EndProject
Project("{FAE04EC0-301F-11D3-BF4B-00C04F79EFBC}") = "OurPersonalLib", "OurPersonalLib\OurPersonalLib.csproj", "{60A2A75A-2363-4BBE-989E-4B9904C6C9EB}"
EndProject
Project("{9A19103F-16F7-4668-BE54-9A1E7A4F7556}") = "ConsoleAppCore", "ConsoleAppCore\ConsoleAppCore.csproj", "{539C0FC9-7F81-4CCD-8090-2015E9B86BDD}"
EndProject
Project("{9A19103F-16F7-4668-BE54-9A1E7A4F7556}") = "AppWinFormsCore", "AppWinFormsCore\AppWinFormsCore.csproj", "{FDC5E3E3-6072-4572-B141-7F6D4190592F}"
EndProject
Project("{9A19103F-16F7-4668-BE54-9A1E7A4F7556}") = "WinFormsApp1", "WinFormsApp1\WinFormsApp1.csproj", "{23D5458B-438D-4BD1-8A40-A49CA1B7D641}"
EndProject
Project("{9A19103F-16F7-4668-BE54-9A1E7A4F7556}") = "LocalizedApp", "LocalizedApp\LocalizedApp.csproj", "{4CA6850F-F738-4CE0-A82F-8ACF35500E16}"
EndProject
Project("{FAE04EC0-301F-11D3-BF4B-00C04F79EFBC}") = "ThreadingExperiments", "ThreadingExperiments\ThreadingExperiments.csproj", "{0793606E-E88B-448D-9FCB-47C5FD1C5B33}"
EndProject
Global
	GlobalSection(SolutionConfigurationPlatforms) = preSolution
		Debug|Any CPU = Debug|Any CPU
		Release|Any CPU = Release|Any CPU
	EndGlobalSection
	GlobalSection(ProjectConfigurationPlatforms) = postSolution
		{98255411-B8A7-48AE-923C-3C1635EA26A6}.Debug|Any CPU.ActiveCfg = Debug|Any CPU
		{98255411-B8A7-48AE-923C-3C1635EA26A6}.Debug|Any CPU.Build.0 = Debug|Any CPU
		{98255411-B8A7-48AE-923C-3C1635EA26A6}.Release|Any CPU.ActiveCfg = Release|Any CPU
		{98255411-B8A7-48AE-923C-3C1635EA26A6}.Release|Any CPU.Build.0 = Release|Any CPU
		{60A2A75A-2363-4BBE-989E-4B9904C6C9EB}.Debug|Any CPU.ActiveCfg = Debug|Any CPU
		{60A2A75A-2363-4BBE-989E-4B9904C6C9EB}.Debug|Any CPU.Build.0 = Debug|Any CPU
		{60A2A75A-2363-4BBE-989E-4B9904C6C9EB}.Release|Any CPU.ActiveCfg = Release|Any CPU
		{60A2A75A-2363-4BBE-989E-4B9904C6C9EB}.Release|Any CPU.Build.0 = Release|Any CPU
		{539C0FC9-7F81-4CCD-8090-2015E9B86BDD}.Debug|Any CPU.ActiveCfg = Debug|Any CPU
		{539C0FC9-7F81-4CCD-8090-2015E9B86BDD}.Debug|Any CPU.Build.0 = Debug|Any CPU
		{539C0FC9-7F81-4CCD-8090-2015E9B86BDD}.Release|Any CPU.ActiveCfg = Release|Any CPU
		{539C0FC9-7F81-4CCD-8090-2015E9B86BDD}.Release|Any CPU.Build.0 = Release|Any CPU
		{FDC5E3E3-6072-4572-B141-7F6D4190592F}.Debug|Any CPU.ActiveCfg = Debug|Any CPU
		{FDC5E3E3-6072-4572-B141-7F6D4190592F}.Debug|Any CPU.Build.0 = Debug|Any CPU
		{FDC5E3E3-6072-4572-B141-7F6D4190592F}.Release|Any CPU.ActiveCfg = Release|Any CPU
		{FDC5E3E3-6072-4572-B141-7F6D4190592F}.Release|Any CPU.Build.0 = Release|Any CPU
		{23D5458B-438D-4BD1-8A40-A49CA1B7D641}.Debug|Any CPU.ActiveCfg = Debug|Any CPU
		{23D5458B-438D-4BD1-8A40-A49CA1B7D641}.Debug|Any CPU.Build.0 = Debug|Any CPU
		{23D5458B-438D-4BD1-8A40-A49CA1B7D641}.Release|Any CPU.ActiveCfg = Release|Any CPU
		{23D5458B-438D-4BD1-8A40-A49CA1B7D641}.Release|Any CPU.Build.0 = Release|Any CPU
		{4CA6850F-F738-4CE0-A82F-8ACF35500E16}.Debug|Any CPU.ActiveCfg = Debug|Any CPU
		{4CA6850F-F738-4CE0-A82F-8ACF35500E16}.Debug|Any CPU.Build.0 = Debug|Any CPU
		{4CA6850F-F738-4CE0-A82F-8ACF35500E16}.Release|Any CPU.ActiveCfg = Release|Any CPU
		{4CA6850F-F738-4CE0-A82F-8ACF35500E16}.Release|Any CPU.Build.0 = Release|Any CPU
		{0793606E-E88B-448D-9FCB-47C5FD1C5B33}.Debug|Any CPU.ActiveCfg = Debug|Any CPU
		{0793606E-E88B-448D-9FCB-47C5FD1C5B33}.Debug|Any CPU.Build.0 = Debug|Any CPU
		{0793606E-E88B-448D-9FCB-47C5FD1C5B33}.Release|Any CPU.ActiveCfg = Release|Any CPU
		{0793606E-E88B-448D-9FCB-47C5FD1C5B33}.Release|Any CPU.Build.0 = Release|Any CPU
	EndGlobalSection
	GlobalSection(SolutionProperties) = preSolution
		HideSolutionNode = FALSE
	EndGlobalSection
	GlobalSection(ExtensibilityGlobals) = postSolution
		SolutionGuid = {517E8B6F-C176-481E-B463-10A23D0619DA}
	EndGlobalSection
EndGlobal
